// !$*UTF8*$!
{
	archiveVersion = 1;
	classes = {
	};
	objectVersion = 46;
	objects = {

/* Begin PBXBuildFile section */
		3738FA8B1C0C1CC900DA16E0 /* AppDelegate.swift in Sources */ = {isa = PBXBuildFile; fileRef = 3738FA8A1C0C1CC900DA16E0 /* AppDelegate.swift */; };
		3738FA8D1C0C1CC900DA16E0 /* ViewController.swift in Sources */ = {isa = PBXBuildFile; fileRef = 3738FA8C1C0C1CC900DA16E0 /* ViewController.swift */; };
		3738FA901C0C1CC900DA16E0 /* Main.storyboard in Resources */ = {isa = PBXBuildFile; fileRef = 3738FA8E1C0C1CC900DA16E0 /* Main.storyboard */; };
		3738FA921C0C1CC900DA16E0 /* Assets.xcassets in Resources */ = {isa = PBXBuildFile; fileRef = 3738FA911C0C1CC900DA16E0 /* Assets.xcassets */; };
		3738FA951C0C1CC900DA16E0 /* LaunchScreen.storyboard in Resources */ = {isa = PBXBuildFile; fileRef = 3738FA931C0C1CC900DA16E0 /* LaunchScreen.storyboard */; };
		3738FA9D1C0C1F3600DA16E0 /* JapaneseInTheDescription.swift in Sources */ = {isa = PBXBuildFile; fileRef = 3738FA9C1C0C1F3600DA16E0 /* JapaneseInTheDescription.swift */; };
		3738FA9F1C0C1FF200DA16E0 /* RomanCharactersOnly.swift in Sources */ = {isa = PBXBuildFile; fileRef = 3738FA9E1C0C1FF200DA16E0 /* RomanCharactersOnly.swift */; };
		3738FAA11C0C41FE00DA16E0 /* EmptyDescription.swift in Sources */ = {isa = PBXBuildFile; fileRef = 3738FAA01C0C41FE00DA16E0 /* EmptyDescription.swift */; };
		3738FAA31C0C443700DA16E0 /* EmptyDescriptionZeroMargin.swift in Sources */ = {isa = PBXBuildFile; fileRef = 3738FAA21C0C443700DA16E0 /* EmptyDescriptionZeroMargin.swift */; };
		3738FAA51C0C483000DA16E0 /* SinceMissing.swift in Sources */ = {isa = PBXBuildFile; fileRef = 3738FAA41C0C483000DA16E0 /* SinceMissing.swift */; };
/* End PBXBuildFile section */

/* Begin PBXFileReference section */
		3738FA871C0C1CC900DA16E0 /* JazzyTestBed.app */ = {isa = PBXFileReference; explicitFileType = wrapper.application; includeInIndex = 0; path = JazzyTestBed.app; sourceTree = BUILT_PRODUCTS_DIR; };
		3738FA8A1C0C1CC900DA16E0 /* AppDelegate.swift */ = {isa = PBXFileReference; lastKnownFileType = sourcecode.swift; path = AppDelegate.swift; sourceTree = "<group>"; };
		3738FA8C1C0C1CC900DA16E0 /* ViewController.swift */ = {isa = PBXFileReference; lastKnownFileType = sourcecode.swift; path = ViewController.swift; sourceTree = "<group>"; };
		3738FA8F1C0C1CC900DA16E0 /* Base */ = {isa = PBXFileReference; lastKnownFileType = file.storyboard; name = Base; path = Base.lproj/Main.storyboard; sourceTree = "<group>"; };
		3738FA911C0C1CC900DA16E0 /* Assets.xcassets */ = {isa = PBXFileReference; lastKnownFileType = folder.assetcatalog; path = Assets.xcassets; sourceTree = "<group>"; };
		3738FA941C0C1CC900DA16E0 /* Base */ = {isa = PBXFileReference; lastKnownFileType = file.storyboard; name = Base; path = Base.lproj/LaunchScreen.storyboard; sourceTree = "<group>"; };
		3738FA961C0C1CC900DA16E0 /* Info.plist */ = {isa = PBXFileReference; lastKnownFileType = text.plist.xml; path = Info.plist; sourceTree = "<group>"; };
		3738FA9C1C0C1F3600DA16E0 /* JapaneseInTheDescription.swift */ = {isa = PBXFileReference; fileEncoding = 4; lastKnownFileType = sourcecode.swift; path = JapaneseInTheDescription.swift; sourceTree = "<group>"; };
		3738FA9E1C0C1FF200DA16E0 /* RomanCharactersOnly.swift */ = {isa = PBXFileReference; fileEncoding = 4; lastKnownFileType = sourcecode.swift; path = RomanCharactersOnly.swift; sourceTree = "<group>"; };
		3738FAA01C0C41FE00DA16E0 /* EmptyDescription.swift */ = {isa = PBXFileReference; fileEncoding = 4; lastKnownFileType = sourcecode.swift; path = EmptyDescription.swift; sourceTree = "<group>"; };
		3738FAA21C0C443700DA16E0 /* EmptyDescriptionZeroMargin.swift */ = {isa = PBXFileReference; fileEncoding = 4; lastKnownFileType = sourcecode.swift; path = EmptyDescriptionZeroMargin.swift; sourceTree = "<group>"; };
		3738FAA41C0C483000DA16E0 /* SinceMissing.swift */ = {isa = PBXFileReference; fileEncoding = 4; lastKnownFileType = sourcecode.swift; path = SinceMissing.swift; sourceTree = "<group>"; };
/* End PBXFileReference section */

/* Begin PBXFrameworksBuildPhase section */
		3738FA841C0C1CC900DA16E0 /* Frameworks */ = {
			isa = PBXFrameworksBuildPhase;
			buildActionMask = 2147483647;
			files = (
			);
			runOnlyForDeploymentPostprocessing = 0;
		};
/* End PBXFrameworksBuildPhase section */

/* Begin PBXGroup section */
		3738FA7E1C0C1CC900DA16E0 = {
			isa = PBXGroup;
			children = (
				3738FA891C0C1CC900DA16E0 /* JazzyTestBed */,
				3738FA881C0C1CC900DA16E0 /* Products */,
			);
			sourceTree = "<group>";
		};
		3738FA881C0C1CC900DA16E0 /* Products */ = {
			isa = PBXGroup;
			children = (
				3738FA871C0C1CC900DA16E0 /* JazzyTestBed.app */,
			);
			name = Products;
			sourceTree = "<group>";
		};
		3738FA891C0C1CC900DA16E0 /* JazzyTestBed */ = {
			isa = PBXGroup;
			children = (
				3738FA8A1C0C1CC900DA16E0 /* AppDelegate.swift */,
				3738FA8C1C0C1CC900DA16E0 /* ViewController.swift */,
				3738FAA01C0C41FE00DA16E0 /* EmptyDescription.swift */,
				3738FAA21C0C443700DA16E0 /* EmptyDescriptionZeroMargin.swift */,
				3738FA9C1C0C1F3600DA16E0 /* JapaneseInTheDescription.swift */,
				3738FA9E1C0C1FF200DA16E0 /* RomanCharactersOnly.swift */,
				3738FAA41C0C483000DA16E0 /* SinceMissing.swift */,
				3738FA8E1C0C1CC900DA16E0 /* Main.storyboard */,
				3738FA911C0C1CC900DA16E0 /* Assets.xcassets */,
				3738FA931C0C1CC900DA16E0 /* LaunchScreen.storyboard */,
				3738FA961C0C1CC900DA16E0 /* Info.plist */,
			);
			path = JazzyTestBed;
			sourceTree = "<group>";
		};
/* End PBXGroup section */

/* Begin PBXNativeTarget section */
		3738FA861C0C1CC900DA16E0 /* JazzyTestBed */ = {
			isa = PBXNativeTarget;
			buildConfigurationList = 3738FA991C0C1CC900DA16E0 /* Build configuration list for PBXNativeTarget "JazzyTestBed" */;
			buildPhases = (
				3738FA831C0C1CC900DA16E0 /* Sources */,
				3738FA841C0C1CC900DA16E0 /* Frameworks */,
				3738FA851C0C1CC900DA16E0 /* Resources */,
			);
			buildRules = (
			);
			dependencies = (
			);
			name = JazzyTestBed;
			productName = JazzyTestBed;
			productReference = 3738FA871C0C1CC900DA16E0 /* JazzyTestBed.app */;
			productType = "com.apple.product-type.application";
		};
/* End PBXNativeTarget section */

/* Begin PBXProject section */
		3738FA7F1C0C1CC900DA16E0 /* Project object */ = {
			isa = PBXProject;
			attributes = {
				LastSwiftUpdateCheck = 0710;
				LastUpgradeCheck = 0710;
				ORGANIZATIONNAME = "Nicolás Miari";
				TargetAttributes = {
					3738FA861C0C1CC900DA16E0 = {
						CreatedOnToolsVersion = 7.1.1;
					};
				};
			};
			buildConfigurationList = 3738FA821C0C1CC900DA16E0 /* Build configuration list for PBXProject "JazzyTestBed" */;
			compatibilityVersion = "Xcode 3.2";
			developmentRegion = English;
			hasScannedForEncodings = 0;
			knownRegions = (
				en,
				Base,
			);
			mainGroup = 3738FA7E1C0C1CC900DA16E0;
			productRefGroup = 3738FA881C0C1CC900DA16E0 /* Products */;
			projectDirPath = "";
			projectRoot = "";
			targets = (
				3738FA861C0C1CC900DA16E0 /* JazzyTestBed */,
			);
		};
/* End PBXProject section */

/* Begin PBXResourcesBuildPhase section */
		3738FA851C0C1CC900DA16E0 /* Resources */ = {
			isa = PBXResourcesBuildPhase;
			buildActionMask = 2147483647;
			files = (
				3738FA951C0C1CC900DA16E0 /* LaunchScreen.storyboard in Resources */,
				3738FA921C0C1CC900DA16E0 /* Assets.xcassets in Resources */,
				3738FA901C0C1CC900DA16E0 /* Main.storyboard in Resources */,
			);
			runOnlyForDeploymentPostprocessing = 0;
		};
/* End PBXResourcesBuildPhase section */

/* Begin PBXSourcesBuildPhase section */
		3738FA831C0C1CC900DA16E0 /* Sources */ = {
			isa = PBXSourcesBuildPhase;
			buildActionMask = 2147483647;
			files = (
				3738FAA11C0C41FE00DA16E0 /* EmptyDescription.swift in Sources */,
				3738FAA51C0C483000DA16E0 /* SinceMissing.swift in Sources */,
				3738FA9D1C0C1F3600DA16E0 /* JapaneseInTheDescription.swift in Sources */,
				3738FAA31C0C443700DA16E0 /* EmptyDescriptionZeroMargin.swift in Sources */,
				3738FA8D1C0C1CC900DA16E0 /* ViewController.swift in Sources */,
				3738FA8B1C0C1CC900DA16E0 /* AppDelegate.swift in Sources */,
				3738FA9F1C0C1FF200DA16E0 /* RomanCharactersOnly.swift in Sources */,
			);
			runOnlyForDeploymentPostprocessing = 0;
		};
/* End PBXSourcesBuildPhase section */

/* Begin PBXVariantGroup section */
		3738FA8E1C0C1CC900DA16E0 /* Main.storyboard */ = {
			isa = PBXVariantGroup;
			children = (
				3738FA8F1C0C1CC900DA16E0 /* Base */,
			);
			name = Main.storyboard;
			sourceTree = "<group>";
		};
		3738FA931C0C1CC900DA16E0 /* LaunchScreen.storyboard */ = {
			isa = PBXVariantGroup;
			children = (
				3738FA941C0C1CC900DA16E0 /* Base */,
			);
			name = LaunchScreen.storyboard;
			sourceTree = "<group>";
		};
/* End PBXVariantGroup section */

/* Begin XCBuildConfiguration section */
		3738FA971C0C1CC900DA16E0 /* Debug */ = {
			isa = XCBuildConfiguration;
			buildSettings = {
				ALWAYS_SEARCH_USER_PATHS = NO;
				CLANG_CXX_LANGUAGE_STANDARD = "gnu++0x";
				CLANG_CXX_LIBRARY = "libc++";
				CLANG_ENABLE_MODULES = YES;
				CLANG_ENABLE_OBJC_ARC = YES;
				CLANG_WARN_BOOL_CONVERSION = YES;
				CLANG_WARN_CONSTANT_CONVERSION = YES;
				CLANG_WARN_DIRECT_OBJC_ISA_USAGE = YES_ERROR;
				CLANG_WARN_EMPTY_BODY = YES;
				CLANG_WARN_ENUM_CONVERSION = YES;
				CLANG_WARN_INT_CONVERSION = YES;
				CLANG_WARN_OBJC_ROOT_CLASS = YES_ERROR;
				CLANG_WARN_UNREACHABLE_CODE = YES;
				CLANG_WARN__DUPLICATE_METHOD_MATCH = YES;
				"CODE_SIGN_IDENTITY[sdk=iphoneos*]" = "iPhone Developer";
				COPY_PHASE_STRIP = NO;
				DEBUG_INFORMATION_FORMAT = dwarf;
				ENABLE_STRICT_OBJC_MSGSEND = YES;
				ENABLE_TESTABILITY = YES;
				GCC_C_LANGUAGE_STANDARD = gnu99;
				GCC_DYNAMIC_NO_PIC = NO;
				GCC_NO_COMMON_BLOCKS = YES;
				GCC_OPTIMIZATION_LEVEL = 0;
				GCC_PREPROCESSOR_DEFINITIONS = (
					"DEBUG=1",
					"$(inherited)",
				);
				GCC_WARN_64_TO_32_BIT_CONVERSION = YES;
				GCC_WARN_ABOUT_RETURN_TYPE = YES_ERROR;
				GCC_WARN_UNDECLARED_SELECTOR = YES;
				GCC_WARN_UNINITIALIZED_AUTOS = YES_AGGRESSIVE;
				GCC_WARN_UNUSED_FUNCTION = YES;
				GCC_WARN_UNUSED_VARIABLE = YES;
				IPHONEOS_DEPLOYMENT_TARGET = 9.1;
				MTL_ENABLE_DEBUG_INFO = YES;
				ONLY_ACTIVE_ARCH = YES;
				SDKROOT = iphoneos;
				SWIFT_OPTIMIZATION_LEVEL = "-Onone";
				TARGETED_DEVICE_FAMILY = "1,2";
			};
			name = Debug;
		};
		3738FA981C0C1CC900DA16E0 /* Release */ = {
			isa = XCBuildConfiguration;
			buildSettings = {
				ALWAYS_SEARCH_USER_PATHS = NO;
				CLANG_CXX_LANGUAGE_STANDARD = "gnu++0x";
				CLANG_CXX_LIBRARY = "libc++";
				CLANG_ENABLE_MODULES = YES;
				CLANG_ENABLE_OBJC_ARC = YES;
				CLANG_WARN_BOOL_CONVERSION = YES;
				CLANG_WARN_CONSTANT_CONVERSION = YES;
				CLANG_WARN_DIRECT_OBJC_ISA_USAGE = YES_ERROR;
				CLANG_WARN_EMPTY_BODY = YES;
				CLANG_WARN_ENUM_CONVERSION = YES;
				CLANG_WARN_INT_CONVERSION = YES;
				CLANG_WARN_OBJC_ROOT_CLASS = YES_ERROR;
				CLANG_WARN_UNREACHABLE_CODE = YES;
				CLANG_WARN__DUPLICATE_METHOD_MATCH = YES;
				"CODE_SIGN_IDENTITY[sdk=iphoneos*]" = "iPhone Developer";
				COPY_PHASE_STRIP = NO;
				DEBUG_INFORMATION_FORMAT = "dwarf-with-dsym";
				ENABLE_NS_ASSERTIONS = NO;
				ENABLE_STRICT_OBJC_MSGSEND = YES;
				GCC_C_LANGUAGE_STANDARD = gnu99;
				GCC_NO_COMMON_BLOCKS = YES;
				GCC_WARN_64_TO_32_BIT_CONVERSION = YES;
				GCC_WARN_ABOUT_RETURN_TYPE = YES_ERROR;
				GCC_WARN_UNDECLARED_SELECTOR = YES;
				GCC_WARN_UNINITIALIZED_AUTOS = YES_AGGRESSIVE;
				GCC_WARN_UNUSED_FUNCTION = YES;
				GCC_WARN_UNUSED_VARIABLE = YES;
				IPHONEOS_DEPLOYMENT_TARGET = 9.1;
				MTL_ENABLE_DEBUG_INFO = NO;
				SDKROOT = iphoneos;
				TARGETED_DEVICE_FAMILY = "1,2";
				VALIDATE_PRODUCT = YES;
			};
			name = Release;
		};
		3738FA9A1C0C1CC900DA16E0 /* Debug */ = {
			isa = XCBuildConfiguration;
			buildSettings = {
				ASSETCATALOG_COMPILER_APPICON_NAME = AppIcon;
				INFOPLIST_FILE = JazzyTestBed/Info.plist;
				LD_RUNPATH_SEARCH_PATHS = "$(inherited) @executable_path/Frameworks";
				PRODUCT_BUNDLE_IDENTIFIER = com.nicolasmiari.JazzyTestBed;
				PRODUCT_NAME = "$(TARGET_NAME)";
			};
			name = Debug;
		};
		3738FA9B1C0C1CC900DA16E0 /* Release */ = {
			isa = XCBuildConfiguration;
			buildSettings = {
				ASSETCATALOG_COMPILER_APPICON_NAME = AppIcon;
				INFOPLIST_FILE = JazzyTestBed/Info.plist;
				LD_RUNPATH_SEARCH_PATHS = "$(inherited) @executable_path/Frameworks";
				PRODUCT_BUNDLE_IDENTIFIER = com.nicolasmiari.JazzyTestBed;
				PRODUCT_NAME = "$(TARGET_NAME)";
			};
			name = Release;
		};
/* End XCBuildConfiguration section */

/* Begin XCConfigurationList section */
		3738FA821C0C1CC900DA16E0 /* Build configuration list for PBXProject "JazzyTestBed" */ = {
			isa = XCConfigurationList;
			buildConfigurations = (
				3738FA971C0C1CC900DA16E0 /* Debug */,
				3738FA981C0C1CC900DA16E0 /* Release */,
			);
			defaultConfigurationIsVisible = 0;
			defaultConfigurationName = Release;
		};
		3738FA991C0C1CC900DA16E0 /* Build configuration list for PBXNativeTarget "JazzyTestBed" */ = {
			isa = XCConfigurationList;
			buildConfigurations = (
				3738FA9A1C0C1CC900DA16E0 /* Debug */,
				3738FA9B1C0C1CC900DA16E0 /* Release */,
			);
			defaultConfigurationIsVisible = 0;
		};
/* End XCConfigurationList section */
	};
	rootObject = 3738FA7F1C0C1CC900DA16E0 /* Project object */;
}
